
Microsoft Visual Studio Solution File, Format Version 12.00
# Visual Studio Version 17
VisualStudioVersion = 17.4.33122.133
MinimumVisualStudioVersion = 10.0.40219.1
Project("{8BC9CEB8-8B4A-11D0-8D11-00A0C91BC942}") = "ServerConfig", "ServerConfig\ServerConfig.vcxproj", "{FDC21E2E-DB69-4948-965F-34DF29F8EE0C}"
EndProject
Global
	GlobalSection(SolutionConfigurationPlatforms) = preSolution
		Debug|x64 = Debug|x64
		Debug|x86 = Debug|x86
		Release|x64 = Release|x64
		Release|x86 = Release|x86
	EndGlobalSection
	GlobalSection(ProjectConfigurationPlatforms) = postSolution
		{FDC21E2E-DB69-4948-965F-34DF29F8EE0C}.Debug|x64.ActiveCfg = Debug|x64
		{FDC21E2E-DB69-4948-965F-34DF29F8EE0C}.Debug|x64.Build.0 = Debug|x64
		{FDC21E2E-DB69-4948-965F-34DF29F8EE0C}.Debug|x86.ActiveCfg = Debug|Win32
		{FDC21E2E-DB69-4948-965F-34DF29F8EE0C}.Debug|x86.Build.0 = Debug|Win32
		{FDC21E2E-DB69-4948-965F-34DF29F8EE0C}.Release|x64.ActiveCfg = Release|x64
		{FDC21E2E-DB69-4948-965F-34DF29F8EE0C}.Release|x64.Build.0 = Release|x64
		{FDC21E2E-DB69-4948-965F-34DF29F8EE0C}.Release|x86.ActiveCfg = Release|Win32
		{FDC21E2E-DB69-4948-965F-34DF29F8EE0C}.Release|x86.Build.0 = Release|Win32
	EndGlobalSection
	GlobalSection(SolutionProperties) = preSolution
		HideSolutionNode = FALSE
	EndGlobalSection
	GlobalSection(ExtensibilityGlobals) = postSolution
		SolutionGuid = {A2ECAC85-2AC5-4E0D-B666-11DCA9147690}
	EndGlobalSection
EndGlobal
